
Microsoft Visual Studio Solution File, Format Version 12.00
# Visual Studio Version 16
VisualStudioVersion = 25.0.1703.5
MinimumVisualStudioVersion = 10.0.40219.1
Project("{FAE04EC0-301F-11D3-BF4B-00C04F79EFBC}") = "limpiarDatos", "limpiarDatos\limpiarDatos.csproj", "{C563D68C-C364-4DEE-8E4A-CC7CAC6E05CA}"
EndProject
Global
	GlobalSection(SolutionConfigurationPlatforms) = preSolution
		Debug|Any CPU = Debug|Any CPU
		Release|Any CPU = Release|Any CPU
	EndGlobalSection
	GlobalSection(ProjectConfigurationPlatforms) = postSolution
		{C563D68C-C364-4DEE-8E4A-CC7CAC6E05CA}.Debug|Any CPU.ActiveCfg = Debug|Any CPU
		{C563D68C-C364-4DEE-8E4A-CC7CAC6E05CA}.Debug|Any CPU.Build.0 = Debug|Any CPU
		{C563D68C-C364-4DEE-8E4A-CC7CAC6E05CA}.Release|Any CPU.ActiveCfg = Release|Any CPU
		{C563D68C-C364-4DEE-8E4A-CC7CAC6E05CA}.Release|Any CPU.Build.0 = Release|Any CPU
	EndGlobalSection
	GlobalSection(SolutionProperties) = preSolution
		HideSolutionNode = FALSE
	EndGlobalSection
	GlobalSection(ExtensibilityGlobals) = postSolution
		SolutionGuid = {325976CA-6A25-47AF-92E6-57ECDBA04DF2}
	EndGlobalSection
EndGlobal
